// !$*UTF8*$!
{
	archiveVersion = 1;
	classes = {
	};
	objectVersion = 46;
	objects = {

/* Begin PBXBuildFile section */
		12B0243E06025E50C504AD53 /* Pods_GZGitSearchTests.framework in Frameworks */ = {isa = PBXBuildFile; fileRef = 3631A944D19DC1FDE1C2D558 /* Pods_GZGitSearchTests.framework */; settings = {ATTRIBUTES = (Weak, ); }; };
		2B0FB1051BB8C70100829AD6 /* GZUserTableViewCell.m in Sources */ = {isa = PBXBuildFile; fileRef = 2B0FB1031BB8C70100829AD6 /* GZUserTableViewCell.m */; settings = {ASSET_TAGS = (); }; };
		2B0FB1061BB8C70100829AD6 /* GZUserTableViewCell.xib in Resources */ = {isa = PBXBuildFile; fileRef = 2B0FB1041BB8C70100829AD6 /* GZUserTableViewCell.xib */; settings = {ASSET_TAGS = (); }; };
		2B0FB10B1BB8CA4600829AD6 /* GZFollowersViewController.m in Sources */ = {isa = PBXBuildFile; fileRef = 2B0FB10A1BB8CA4600829AD6 /* GZFollowersViewController.m */; settings = {ASSET_TAGS = (); }; };
		2B0FB10F1BB8D33F00829AD6 /* GZFollowingViewController.m in Sources */ = {isa = PBXBuildFile; fileRef = 2B0FB10E1BB8D33F00829AD6 /* GZFollowingViewController.m */; settings = {ASSET_TAGS = (); }; };
		2B4D7F2D1BB618CD002DD089 /* main.m in Sources */ = {isa = PBXBuildFile; fileRef = 2B4D7F2C1BB618CD002DD089 /* main.m */; };
		2B4D7F301BB618CD002DD089 /* AppDelegate.m in Sources */ = {isa = PBXBuildFile; fileRef = 2B4D7F2F1BB618CD002DD089 /* AppDelegate.m */; };
		2B4D7F3B1BB618CD002DD089 /* Assets.xcassets in Resources */ = {isa = PBXBuildFile; fileRef = 2B4D7F3A1BB618CD002DD089 /* Assets.xcassets */; };
		2B4D7F491BB618CD002DD089 /* GZGitSearchTests.m in Sources */ = {isa = PBXBuildFile; fileRef = 2B4D7F481BB618CD002DD089 /* GZGitSearchTests.m */; };
		2B4D7F541BB618CD002DD089 /* GZGitSearchUITests.m in Sources */ = {isa = PBXBuildFile; fileRef = 2B4D7F531BB618CD002DD089 /* GZGitSearchUITests.m */; };
		2B4D7F771BB61A04002DD089 /* GZGitSearch.xcdatamodeld in Sources */ = {isa = PBXBuildFile; fileRef = 2B4D7F6E1BB61A04002DD089 /* GZGitSearch.xcdatamodeld */; settings = {ASSET_TAGS = (); }; };
		2B4D7F781BB61A04002DD089 /* LaunchScreen.storyboard in Resources */ = {isa = PBXBuildFile; fileRef = 2B4D7F751BB61A04002DD089 /* LaunchScreen.storyboard */; settings = {ASSET_TAGS = (); }; };
		2B4D7F791BB61A04002DD089 /* Main.storyboard in Resources */ = {isa = PBXBuildFile; fileRef = 2B4D7F761BB61A04002DD089 /* Main.storyboard */; settings = {ASSET_TAGS = (); }; };
		2B4D7F7D1BB61D55002DD089 /* GZHomeViewController.m in Sources */ = {isa = PBXBuildFile; fileRef = 2B4D7F7C1BB61D55002DD089 /* GZHomeViewController.m */; settings = {ASSET_TAGS = (); }; };
		2B4D7F831BB61EAD002DD089 /* BaseViewController.m in Sources */ = {isa = PBXBuildFile; fileRef = 2B4D7F821BB61EAD002DD089 /* BaseViewController.m */; settings = {ASSET_TAGS = (); }; };
		2B4D7F881BB622DA002DD089 /* GZRepoSearchViewController.m in Sources */ = {isa = PBXBuildFile; fileRef = 2B4D7F871BB622DA002DD089 /* GZRepoSearchViewController.m */; settings = {ASSET_TAGS = (); }; };
		2B4D7F8B1BB622E8002DD089 /* GZUserSearchViewController.m in Sources */ = {isa = PBXBuildFile; fileRef = 2B4D7F8A1BB622E8002DD089 /* GZUserSearchViewController.m */; settings = {ASSET_TAGS = (); }; };
		2B4D7F8E1BB626DE002DD089 /* Utils.m in Sources */ = {isa = PBXBuildFile; fileRef = 2B4D7F8D1BB626DE002DD089 /* Utils.m */; settings = {ASSET_TAGS = (); }; };
		2B4D7F911BB63346002DD089 /* Response.m in Sources */ = {isa = PBXBuildFile; fileRef = 2B4D7F901BB63346002DD089 /* Response.m */; settings = {ASSET_TAGS = (); }; };
		2B4D7F961BB63CE9002DD089 /* Repository.m in Sources */ = {isa = PBXBuildFile; fileRef = 2B4D7F951BB63CE9002DD089 /* Repository.m */; settings = {ASSET_TAGS = (); }; };
		2B4D7F9E1BB63ED5002DD089 /* UserOwner.m in Sources */ = {isa = PBXBuildFile; fileRef = 2B4D7F9D1BB63ED5002DD089 /* UserOwner.m */; settings = {ASSET_TAGS = (); }; };
		2B4D7FA21BB645B9002DD089 /* RepositoryTableViewCell.m in Sources */ = {isa = PBXBuildFile; fileRef = 2B4D7FA11BB645B9002DD089 /* RepositoryTableViewCell.m */; settings = {ASSET_TAGS = (); }; };
		2B4D7FA41BB64DA8002DD089 /* imageUserDefault.jpg in Resources */ = {isa = PBXBuildFile; fileRef = 2B4D7FA31BB64DA8002DD089 /* imageUserDefault.jpg */; settings = {ASSET_TAGS = (); }; };
		2B4D7FA61BB64E65002DD089 /* RepositoryTableViewCell.xib in Resources */ = {isa = PBXBuildFile; fileRef = 2B4D7FA51BB64E65002DD089 /* RepositoryTableViewCell.xib */; settings = {ASSET_TAGS = (); }; };
		2B4D7FAA1BB65374002DD089 /* GZSubscribersViewController.m in Sources */ = {isa = PBXBuildFile; fileRef = 2B4D7FA91BB65374002DD089 /* GZSubscribersViewController.m */; settings = {ASSET_TAGS = (); }; };
		8533DFC5F9B8224AF948177A /* Pods_GZGitSearch.framework in Frameworks */ = {isa = PBXBuildFile; fileRef = 9381C3F8E3A1D5ACB30FCE42 /* Pods_GZGitSearch.framework */; settings = {ATTRIBUTES = (Weak, ); }; };
		DE5B4A684175DB854CC9E0DC /* Pods_GZGitSearchUITests.framework in Frameworks */ = {isa = PBXBuildFile; fileRef = D2538D161CA82AD43363F5B1 /* Pods_GZGitSearchUITests.framework */; settings = {ATTRIBUTES = (Weak, ); }; };
/* End PBXBuildFile section */

/* Begin PBXContainerItemProxy section */
		2B4D7F451BB618CD002DD089 /* PBXContainerItemProxy */ = {
			isa = PBXContainerItemProxy;
			containerPortal = 2B4D7F201BB618CD002DD089 /* Project object */;
			proxyType = 1;
			remoteGlobalIDString = 2B4D7F271BB618CD002DD089;
			remoteInfo = GZGitSearch;
		};
		2B4D7F501BB618CD002DD089 /* PBXContainerItemProxy */ = {
			isa = PBXContainerItemProxy;
			containerPortal = 2B4D7F201BB618CD002DD089 /* Project object */;
			proxyType = 1;
			remoteGlobalIDString = 2B4D7F271BB618CD002DD089;
			remoteInfo = GZGitSearch;
		};
/* End PBXContainerItemProxy section */

/* Begin PBXFileReference section */
		21DFB91EBDD8228F9E0B4CE4 /* Pods-GZGitSearchTests.debug.xcconfig */ = {isa = PBXFileReference; includeInIndex = 1; lastKnownFileType = text.xcconfig; name = "Pods-GZGitSearchTests.debug.xcconfig"; path = "Pods/Target Support Files/Pods-GZGitSearchTests/Pods-GZGitSearchTests.debug.xcconfig"; sourceTree = "<group>"; };
		29F40EB3E9359EC30DE11581 /* Pods-GZGitSearch.debug.xcconfig */ = {isa = PBXFileReference; includeInIndex = 1; lastKnownFileType = text.xcconfig; name = "Pods-GZGitSearch.debug.xcconfig"; path = "Pods/Target Support Files/Pods-GZGitSearch/Pods-GZGitSearch.debug.xcconfig"; sourceTree = "<group>"; };
		2B0FB1021BB8C70100829AD6 /* GZUserTableViewCell.h */ = {isa = PBXFileReference; fileEncoding = 4; lastKnownFileType = sourcecode.c.h; path = GZUserTableViewCell.h; sourceTree = "<group>"; };
		2B0FB1031BB8C70100829AD6 /* GZUserTableViewCell.m */ = {isa = PBXFileReference; fileEncoding = 4; lastKnownFileType = sourcecode.c.objc; path = GZUserTableViewCell.m; sourceTree = "<group>"; };
		2B0FB1041BB8C70100829AD6 /* GZUserTableViewCell.xib */ = {isa = PBXFileReference; fileEncoding = 4; lastKnownFileType = file.xib; path = GZUserTableViewCell.xib; sourceTree = "<group>"; };
		2B0FB1091BB8CA4600829AD6 /* GZFollowersViewController.h */ = {isa = PBXFileReference; fileEncoding = 4; lastKnownFileType = sourcecode.c.h; path = GZFollowersViewController.h; sourceTree = "<group>"; };
		2B0FB10A1BB8CA4600829AD6 /* GZFollowersViewController.m */ = {isa = PBXFileReference; fileEncoding = 4; lastKnownFileType = sourcecode.c.objc; path = GZFollowersViewController.m; sourceTree = "<group>"; };
		2B0FB10D1BB8D33F00829AD6 /* GZFollowingViewController.h */ = {isa = PBXFileReference; fileEncoding = 4; lastKnownFileType = sourcecode.c.h; path = GZFollowingViewController.h; sourceTree = "<group>"; };
		2B0FB10E1BB8D33F00829AD6 /* GZFollowingViewController.m */ = {isa = PBXFileReference; fileEncoding = 4; lastKnownFileType = sourcecode.c.objc; path = GZFollowingViewController.m; sourceTree = "<group>"; };
		2B4D7F281BB618CD002DD089 /* GZGitSearch.app */ = {isa = PBXFileReference; explicitFileType = wrapper.application; includeInIndex = 0; path = GZGitSearch.app; sourceTree = BUILT_PRODUCTS_DIR; };
		2B4D7F2C1BB618CD002DD089 /* main.m */ = {isa = PBXFileReference; lastKnownFileType = sourcecode.c.objc; path = main.m; sourceTree = "<group>"; };
		2B4D7F2E1BB618CD002DD089 /* AppDelegate.h */ = {isa = PBXFileReference; lastKnownFileType = sourcecode.c.h; path = AppDelegate.h; sourceTree = "<group>"; };
		2B4D7F2F1BB618CD002DD089 /* AppDelegate.m */ = {isa = PBXFileReference; lastKnownFileType = sourcecode.c.objc; path = AppDelegate.m; sourceTree = "<group>"; };
		2B4D7F3A1BB618CD002DD089 /* Assets.xcassets */ = {isa = PBXFileReference; lastKnownFileType = folder.assetcatalog; path = Assets.xcassets; sourceTree = "<group>"; };
		2B4D7F3F1BB618CD002DD089 /* Info.plist */ = {isa = PBXFileReference; lastKnownFileType = text.plist.xml; path = Info.plist; sourceTree = "<group>"; };
		2B4D7F441BB618CD002DD089 /* GZGitSearchTests.xctest */ = {isa = PBXFileReference; explicitFileType = wrapper.cfbundle; includeInIndex = 0; path = GZGitSearchTests.xctest; sourceTree = BUILT_PRODUCTS_DIR; };
		2B4D7F481BB618CD002DD089 /* GZGitSearchTests.m */ = {isa = PBXFileReference; lastKnownFileType = sourcecode.c.objc; path = GZGitSearchTests.m; sourceTree = "<group>"; };
		2B4D7F4A1BB618CD002DD089 /* Info.plist */ = {isa = PBXFileReference; lastKnownFileType = text.plist.xml; path = Info.plist; sourceTree = "<group>"; };
		2B4D7F4F1BB618CD002DD089 /* GZGitSearchUITests.xctest */ = {isa = PBXFileReference; explicitFileType = wrapper.cfbundle; includeInIndex = 0; path = GZGitSearchUITests.xctest; sourceTree = BUILT_PRODUCTS_DIR; };
		2B4D7F531BB618CD002DD089 /* GZGitSearchUITests.m */ = {isa = PBXFileReference; lastKnownFileType = sourcecode.c.objc; path = GZGitSearchUITests.m; sourceTree = "<group>"; };
		2B4D7F551BB618CD002DD089 /* Info.plist */ = {isa = PBXFileReference; lastKnownFileType = text.plist.xml; path = Info.plist; sourceTree = "<group>"; };
		2B4D7F6F1BB61A04002DD089 /* GZGitSearch.xcdatamodel */ = {isa = PBXFileReference; lastKnownFileType = wrapper.xcdatamodel; path = GZGitSearch.xcdatamodel; sourceTree = "<group>"; };
		2B4D7F751BB61A04002DD089 /* LaunchScreen.storyboard */ = {isa = PBXFileReference; fileEncoding = 4; lastKnownFileType = file.storyboard; path = LaunchScreen.storyboard; sourceTree = "<group>"; };
		2B4D7F761BB61A04002DD089 /* Main.storyboard */ = {isa = PBXFileReference; fileEncoding = 4; lastKnownFileType = file.storyboard; path = Main.storyboard; sourceTree = "<group>"; };
		2B4D7F7B1BB61D55002DD089 /* GZHomeViewController.h */ = {isa = PBXFileReference; fileEncoding = 4; lastKnownFileType = sourcecode.c.h; path = GZHomeViewController.h; sourceTree = "<group>"; };
		2B4D7F7C1BB61D55002DD089 /* GZHomeViewController.m */ = {isa = PBXFileReference; fileEncoding = 4; lastKnownFileType = sourcecode.c.objc; path = GZHomeViewController.m; sourceTree = "<group>"; };
		2B4D7F7F1BB61D7F002DD089 /* Constants.h */ = {isa = PBXFileReference; fileEncoding = 4; lastKnownFileType = sourcecode.c.h; path = Constants.h; sourceTree = "<group>"; };
		2B4D7F811BB61EAD002DD089 /* BaseViewController.h */ = {isa = PBXFileReference; fileEncoding = 4; lastKnownFileType = sourcecode.c.h; path = BaseViewController.h; sourceTree = "<group>"; };
		2B4D7F821BB61EAD002DD089 /* BaseViewController.m */ = {isa = PBXFileReference; fileEncoding = 4; lastKnownFileType = sourcecode.c.objc; path = BaseViewController.m; sourceTree = "<group>"; };
		2B4D7F861BB622DA002DD089 /* GZRepoSearchViewController.h */ = {isa = PBXFileReference; fileEncoding = 4; lastKnownFileType = sourcecode.c.h; path = GZRepoSearchViewController.h; sourceTree = "<group>"; };
		2B4D7F871BB622DA002DD089 /* GZRepoSearchViewController.m */ = {isa = PBXFileReference; fileEncoding = 4; lastKnownFileType = sourcecode.c.objc; path = GZRepoSearchViewController.m; sourceTree = "<group>"; };
		2B4D7F891BB622E8002DD089 /* GZUserSearchViewController.h */ = {isa = PBXFileReference; fileEncoding = 4; lastKnownFileType = sourcecode.c.h; path = GZUserSearchViewController.h; sourceTree = "<group>"; };
		2B4D7F8A1BB622E8002DD089 /* GZUserSearchViewController.m */ = {isa = PBXFileReference; fileEncoding = 4; lastKnownFileType = sourcecode.c.objc; path = GZUserSearchViewController.m; sourceTree = "<group>"; };
		2B4D7F8C1BB626DE002DD089 /* Utils.h */ = {isa = PBXFileReference; fileEncoding = 4; lastKnownFileType = sourcecode.c.h; path = Utils.h; sourceTree = "<group>"; };
		2B4D7F8D1BB626DE002DD089 /* Utils.m */ = {isa = PBXFileReference; fileEncoding = 4; lastKnownFileType = sourcecode.c.objc; path = Utils.m; sourceTree = "<group>"; };
		2B4D7F8F1BB63346002DD089 /* Response.h */ = {isa = PBXFileReference; fileEncoding = 4; lastKnownFileType = sourcecode.c.h; path = Response.h; sourceTree = "<group>"; };
		2B4D7F901BB63346002DD089 /* Response.m */ = {isa = PBXFileReference; fileEncoding = 4; lastKnownFileType = sourcecode.c.objc; path = Response.m; sourceTree = "<group>"; };
		2B4D7F921BB63596002DD089 /* BetterNSLog.h */ = {isa = PBXFileReference; fileEncoding = 4; lastKnownFileType = sourcecode.c.h; path = BetterNSLog.h; sourceTree = "<group>"; };
		2B4D7F941BB63CE9002DD089 /* Repository.h */ = {isa = PBXFileReference; fileEncoding = 4; lastKnownFileType = sourcecode.c.h; path = Repository.h; sourceTree = "<group>"; };
		2B4D7F951BB63CE9002DD089 /* Repository.m */ = {isa = PBXFileReference; fileEncoding = 4; lastKnownFileType = sourcecode.c.objc; path = Repository.m; sourceTree = "<group>"; };
		2B4D7F9C1BB63ED5002DD089 /* UserOwner.h */ = {isa = PBXFileReference; fileEncoding = 4; lastKnownFileType = sourcecode.c.h; path = UserOwner.h; sourceTree = "<group>"; };
		2B4D7F9D1BB63ED5002DD089 /* UserOwner.m */ = {isa = PBXFileReference; fileEncoding = 4; lastKnownFileType = sourcecode.c.objc; path = UserOwner.m; sourceTree = "<group>"; };
		2B4D7FA01BB645B9002DD089 /* RepositoryTableViewCell.h */ = {isa = PBXFileReference; fileEncoding = 4; lastKnownFileType = sourcecode.c.h; path = RepositoryTableViewCell.h; sourceTree = "<group>"; };
		2B4D7FA11BB645B9002DD089 /* RepositoryTableViewCell.m */ = {isa = PBXFileReference; fileEncoding = 4; lastKnownFileType = sourcecode.c.objc; path = RepositoryTableViewCell.m; sourceTree = "<group>"; };
		2B4D7FA31BB64DA8002DD089 /* imageUserDefault.jpg */ = {isa = PBXFileReference; lastKnownFileType = image.jpeg; path = imageUserDefault.jpg; sourceTree = "<group>"; };
		2B4D7FA51BB64E65002DD089 /* RepositoryTableViewCell.xib */ = {isa = PBXFileReference; fileEncoding = 4; lastKnownFileType = file.xib; path = RepositoryTableViewCell.xib; sourceTree = "<group>"; };
		2B4D7FA81BB65374002DD089 /* GZSubscribersViewController.h */ = {isa = PBXFileReference; fileEncoding = 4; lastKnownFileType = sourcecode.c.h; path = GZSubscribersViewController.h; sourceTree = "<group>"; };
		2B4D7FA91BB65374002DD089 /* GZSubscribersViewController.m */ = {isa = PBXFileReference; fileEncoding = 4; lastKnownFileType = sourcecode.c.objc; path = GZSubscribersViewController.m; sourceTree = "<group>"; };
		3631A944D19DC1FDE1C2D558 /* Pods_GZGitSearchTests.framework */ = {isa = PBXFileReference; explicitFileType = wrapper.framework; includeInIndex = 0; path = Pods_GZGitSearchTests.framework; sourceTree = BUILT_PRODUCTS_DIR; };
		9381C3F8E3A1D5ACB30FCE42 /* Pods_GZGitSearch.framework */ = {isa = PBXFileReference; explicitFileType = wrapper.framework; includeInIndex = 0; path = Pods_GZGitSearch.framework; sourceTree = BUILT_PRODUCTS_DIR; };
		95FEF8F321F75D11300081DA /* Pods-GZGitSearch.release.xcconfig */ = {isa = PBXFileReference; includeInIndex = 1; lastKnownFileType = text.xcconfig; name = "Pods-GZGitSearch.release.xcconfig"; path = "Pods/Target Support Files/Pods-GZGitSearch/Pods-GZGitSearch.release.xcconfig"; sourceTree = "<group>"; };
		B0AEF494B4A7EE7FAAFFC865 /* Pods-GZGitSearchUITests.release.xcconfig */ = {isa = PBXFileReference; includeInIndex = 1; lastKnownFileType = text.xcconfig; name = "Pods-GZGitSearchUITests.release.xcconfig"; path = "Pods/Target Support Files/Pods-GZGitSearchUITests/Pods-GZGitSearchUITests.release.xcconfig"; sourceTree = "<group>"; };
		BF467A181A880427E88E3F13 /* Pods-GZGitSearchTests.release.xcconfig */ = {isa = PBXFileReference; includeInIndex = 1; lastKnownFileType = text.xcconfig; name = "Pods-GZGitSearchTests.release.xcconfig"; path = "Pods/Target Support Files/Pods-GZGitSearchTests/Pods-GZGitSearchTests.release.xcconfig"; sourceTree = "<group>"; };
		CD7DC0A69BE760A630F56DCA /* Pods-GZGitSearchUITests.debug.xcconfig */ = {isa = PBXFileReference; includeInIndex = 1; lastKnownFileType = text.xcconfig; name = "Pods-GZGitSearchUITests.debug.xcconfig"; path = "Pods/Target Support Files/Pods-GZGitSearchUITests/Pods-GZGitSearchUITests.debug.xcconfig"; sourceTree = "<group>"; };
		D2538D161CA82AD43363F5B1 /* Pods_GZGitSearchUITests.framework */ = {isa = PBXFileReference; explicitFileType = wrapper.framework; includeInIndex = 0; path = Pods_GZGitSearchUITests.framework; sourceTree = BUILT_PRODUCTS_DIR; };
/* End PBXFileReference section */

/* Begin PBXFrameworksBuildPhase section */
		2B4D7F251BB618CD002DD089 /* Frameworks */ = {
			isa = PBXFrameworksBuildPhase;
			buildActionMask = 2147483647;
			files = (
				8533DFC5F9B8224AF948177A /* Pods_GZGitSearch.framework in Frameworks */,
			);
			runOnlyForDeploymentPostprocessing = 0;
		};
		2B4D7F411BB618CD002DD089 /* Frameworks */ = {
			isa = PBXFrameworksBuildPhase;
			buildActionMask = 2147483647;
			files = (
				12B0243E06025E50C504AD53 /* Pods_GZGitSearchTests.framework in Frameworks */,
			);
			runOnlyForDeploymentPostprocessing = 0;
		};
		2B4D7F4C1BB618CD002DD089 /* Frameworks */ = {
			isa = PBXFrameworksBuildPhase;
			buildActionMask = 2147483647;
			files = (
				DE5B4A684175DB854CC9E0DC /* Pods_GZGitSearchUITests.framework in Frameworks */,
			);
			runOnlyForDeploymentPostprocessing = 0;
		};
/* End PBXFrameworksBuildPhase section */

/* Begin PBXGroup section */
		2B0FB1011BB8C6D600829AD6 /* Followers */ = {
			isa = PBXGroup;
			children = (
				2B0FB1091BB8CA4600829AD6 /* GZFollowersViewController.h */,
				2B0FB10A1BB8CA4600829AD6 /* GZFollowersViewController.m */,
			);
			name = Followers;
			sourceTree = "<group>";
		};
		2B0FB1071BB8C70500829AD6 /* Users Cell */ = {
			isa = PBXGroup;
			children = (
				2B0FB1021BB8C70100829AD6 /* GZUserTableViewCell.h */,
				2B0FB1031BB8C70100829AD6 /* GZUserTableViewCell.m */,
				2B0FB1041BB8C70100829AD6 /* GZUserTableViewCell.xib */,
			);
			name = "Users Cell";
			sourceTree = "<group>";
		};
		2B0FB10C1BB8D32700829AD6 /* Following */ = {
			isa = PBXGroup;
			children = (
				2B0FB10D1BB8D33F00829AD6 /* GZFollowingViewController.h */,
				2B0FB10E1BB8D33F00829AD6 /* GZFollowingViewController.m */,
			);
			name = Following;
			sourceTree = "<group>";
		};
		2B4D7F1F1BB618CD002DD089 = {
			isa = PBXGroup;
			children = (
				2B4D7F2A1BB618CD002DD089 /* GZGitSearch */,
				2B4D7F471BB618CD002DD089 /* GZGitSearchTests */,
				2B4D7F521BB618CD002DD089 /* GZGitSearchUITests */,
				2B4D7F291BB618CD002DD089 /* Products */,
				92AD20DB701ED328BC0CF6A0 /* Pods */,
				772ECE7849C76721A837E023 /* Frameworks */,
			);
			sourceTree = "<group>";
		};
		2B4D7F291BB618CD002DD089 /* Products */ = {
			isa = PBXGroup;
			children = (
				2B4D7F281BB618CD002DD089 /* GZGitSearch.app */,
				2B4D7F441BB618CD002DD089 /* GZGitSearchTests.xctest */,
				2B4D7F4F1BB618CD002DD089 /* GZGitSearchUITests.xctest */,
			);
			name = Products;
			sourceTree = "<group>";
		};
		2B4D7F2A1BB618CD002DD089 /* GZGitSearch */ = {
			isa = PBXGroup;
			children = (
				2B4D7F7A1BB61A09002DD089 /* AppDelegate */,
				2B4D7F6D1BB61A04002DD089 /* CoreData */,
				2B4D7F701BB61A04002DD089 /* Models */,
				2B4D7F711BB61A04002DD089 /* Resources */,
				2B4D7F2B1BB618CD002DD089 /* Supporting Files */,
				2B4D7F721BB61A04002DD089 /* Utils */,
				2B4D7F731BB61A04002DD089 /* ViewControllers */,
				2B4D7F741BB61A04002DD089 /* Views */,
			);
			path = GZGitSearch;
			sourceTree = "<group>";
		};
		2B4D7F2B1BB618CD002DD089 /* Supporting Files */ = {
			isa = PBXGroup;
			children = (
				2B4D7F3A1BB618CD002DD089 /* Assets.xcassets */,
				2B4D7F3F1BB618CD002DD089 /* Info.plist */,
				2B4D7F2C1BB618CD002DD089 /* main.m */,
			);
			name = "Supporting Files";
			sourceTree = "<group>";
		};
		2B4D7F471BB618CD002DD089 /* GZGitSearchTests */ = {
			isa = PBXGroup;
			children = (
				2B4D7F481BB618CD002DD089 /* GZGitSearchTests.m */,
				2B4D7F4A1BB618CD002DD089 /* Info.plist */,
			);
			path = GZGitSearchTests;
			sourceTree = "<group>";
		};
		2B4D7F521BB618CD002DD089 /* GZGitSearchUITests */ = {
			isa = PBXGroup;
			children = (
				2B4D7F531BB618CD002DD089 /* GZGitSearchUITests.m */,
				2B4D7F551BB618CD002DD089 /* Info.plist */,
			);
			path = GZGitSearchUITests;
			sourceTree = "<group>";
		};
		2B4D7F6D1BB61A04002DD089 /* CoreData */ = {
			isa = PBXGroup;
			children = (
				2B4D7F6E1BB61A04002DD089 /* GZGitSearch.xcdatamodeld */,
			);
			path = CoreData;
			sourceTree = "<group>";
		};
		2B4D7F701BB61A04002DD089 /* Models */ = {
			isa = PBXGroup;
			children = (
				2B4D7F981BB63E76002DD089 /* User Owner */,
				2B4D7F971BB63CEC002DD089 /* Repository */,
				2B4D7F931BB63CD8002DD089 /* Response */,
			);
			path = Models;
			sourceTree = "<group>";
		};
		2B4D7F711BB61A04002DD089 /* Resources */ = {
			isa = PBXGroup;
			children = (
				2B4D7FA31BB64DA8002DD089 /* imageUserDefault.jpg */,
			);
			path = Resources;
			sourceTree = "<group>";
		};
		2B4D7F721BB61A04002DD089 /* Utils */ = {
			isa = PBXGroup;
			children = (
				2B4D7F921BB63596002DD089 /* BetterNSLog.h */,
				2B4D7F7F1BB61D7F002DD089 /* Constants.h */,
				2B4D7F8C1BB626DE002DD089 /* Utils.h */,
				2B4D7F8D1BB626DE002DD089 /* Utils.m */,
			);
			path = Utils;
			sourceTree = "<group>";
		};
		2B4D7F731BB61A04002DD089 /* ViewControllers */ = {
			isa = PBXGroup;
			children = (
				2B0FB10C1BB8D32700829AD6 /* Following */,
				2B4D7F801BB61E93002DD089 /* Base */,
				2B0FB1011BB8C6D600829AD6 /* Followers */,
				2B4D7F7E1BB61D6C002DD089 /* Home */,
				2B4D7F841BB622C0002DD089 /* Repo Search */,
				2B4D7F851BB622C2002DD089 /* User Search */,
				2B0FB1071BB8C70500829AD6 /* Users Cell */,
			);
			path = ViewControllers;
			sourceTree = "<group>";
		};
		2B4D7F741BB61A04002DD089 /* Views */ = {
			isa = PBXGroup;
			children = (
				2B4D7F751BB61A04002DD089 /* LaunchScreen.storyboard */,
				2B4D7F761BB61A04002DD089 /* Main.storyboard */,
			);
			path = Views;
			sourceTree = "<group>";
		};
		2B4D7F7A1BB61A09002DD089 /* AppDelegate */ = {
			isa = PBXGroup;
			children = (
				2B4D7F2E1BB618CD002DD089 /* AppDelegate.h */,
				2B4D7F2F1BB618CD002DD089 /* AppDelegate.m */,
			);
			name = AppDelegate;
			sourceTree = "<group>";
		};
		2B4D7F7E1BB61D6C002DD089 /* Home */ = {
			isa = PBXGroup;
			children = (
				2B4D7F7B1BB61D55002DD089 /* GZHomeViewController.h */,
				2B4D7F7C1BB61D55002DD089 /* GZHomeViewController.m */,
			);
			name = Home;
			sourceTree = "<group>";
		};
		2B4D7F801BB61E93002DD089 /* Base */ = {
			isa = PBXGroup;
			children = (
				2B4D7F811BB61EAD002DD089 /* BaseViewController.h */,
				2B4D7F821BB61EAD002DD089 /* BaseViewController.m */,
			);
			name = Base;
			sourceTree = "<group>";
		};
		2B4D7F841BB622C0002DD089 /* Repo Search */ = {
			isa = PBXGroup;
			children = (
				2B4D7FA71BB65354002DD089 /* Subscribers */,
				2B4D7F9F1BB64598002DD089 /* Repository Cell */,
				2B4D7F861BB622DA002DD089 /* GZRepoSearchViewController.h */,
				2B4D7F871BB622DA002DD089 /* GZRepoSearchViewController.m */,
			);
			name = "Repo Search";
			sourceTree = "<group>";
		};
		2B4D7F851BB622C2002DD089 /* User Search */ = {
			isa = PBXGroup;
			children = (
				2B4D7FB11BB66370002DD089 /* User Cell */,
				2B4D7F891BB622E8002DD089 /* GZUserSearchViewController.h */,
				2B4D7F8A1BB622E8002DD089 /* GZUserSearchViewController.m */,
			);
			name = "User Search";
			sourceTree = "<group>";
		};
		2B4D7F931BB63CD8002DD089 /* Response */ = {
			isa = PBXGroup;
			children = (
				2B4D7F8F1BB63346002DD089 /* Response.h */,
				2B4D7F901BB63346002DD089 /* Response.m */,
			);
			name = Response;
			sourceTree = "<group>";
		};
		2B4D7F971BB63CEC002DD089 /* Repository */ = {
			isa = PBXGroup;
			children = (
				2B4D7F941BB63CE9002DD089 /* Repository.h */,
				2B4D7F951BB63CE9002DD089 /* Repository.m */,
			);
			name = Repository;
			sourceTree = "<group>";
		};
		2B4D7F981BB63E76002DD089 /* User Owner */ = {
			isa = PBXGroup;
			children = (
				2B4D7F9C1BB63ED5002DD089 /* UserOwner.h */,
				2B4D7F9D1BB63ED5002DD089 /* UserOwner.m */,
			);
			name = "User Owner";
			sourceTree = "<group>";
		};
		2B4D7F9F1BB64598002DD089 /* Repository Cell */ = {
			isa = PBXGroup;
			children = (
				2B4D7FA01BB645B9002DD089 /* RepositoryTableViewCell.h */,
				2B4D7FA11BB645B9002DD089 /* RepositoryTableViewCell.m */,
				2B4D7FA51BB64E65002DD089 /* RepositoryTableViewCell.xib */,
			);
			name = "Repository Cell";
			sourceTree = "<group>";
		};
		2B4D7FA71BB65354002DD089 /* Subscribers */ = {
			isa = PBXGroup;
			children = (
				2B4D7FA81BB65374002DD089 /* GZSubscribersViewController.h */,
				2B4D7FA91BB65374002DD089 /* GZSubscribersViewController.m */,
			);
			name = Subscribers;
			sourceTree = "<group>";
		};
		2B4D7FB11BB66370002DD089 /* User Cell */ = {
			isa = PBXGroup;
			children = (
			);
			name = "User Cell";
			sourceTree = "<group>";
		};
		772ECE7849C76721A837E023 /* Frameworks */ = {
			isa = PBXGroup;
			children = (
				9381C3F8E3A1D5ACB30FCE42 /* Pods_GZGitSearch.framework */,
				3631A944D19DC1FDE1C2D558 /* Pods_GZGitSearchTests.framework */,
				D2538D161CA82AD43363F5B1 /* Pods_GZGitSearchUITests.framework */,
			);
			name = Frameworks;
			sourceTree = "<group>";
		};
		92AD20DB701ED328BC0CF6A0 /* Pods */ = {
			isa = PBXGroup;
			children = (
				29F40EB3E9359EC30DE11581 /* Pods-GZGitSearch.debug.xcconfig */,
				95FEF8F321F75D11300081DA /* Pods-GZGitSearch.release.xcconfig */,
				21DFB91EBDD8228F9E0B4CE4 /* Pods-GZGitSearchTests.debug.xcconfig */,
				BF467A181A880427E88E3F13 /* Pods-GZGitSearchTests.release.xcconfig */,
				CD7DC0A69BE760A630F56DCA /* Pods-GZGitSearchUITests.debug.xcconfig */,
				B0AEF494B4A7EE7FAAFFC865 /* Pods-GZGitSearchUITests.release.xcconfig */,
			);
			name = Pods;
			sourceTree = "<group>";
		};
/* End PBXGroup section */

/* Begin PBXNativeTarget section */
		2B4D7F271BB618CD002DD089 /* GZGitSearch */ = {
			isa = PBXNativeTarget;
			buildConfigurationList = 2B4D7F581BB618CD002DD089 /* Build configuration list for PBXNativeTarget "GZGitSearch" */;
			buildPhases = (
				7A5009B70AE8AD4D3163A9EA /* Check Pods Manifest.lock */,
				2B4D7F241BB618CD002DD089 /* Sources */,
				2B4D7F251BB618CD002DD089 /* Frameworks */,
				2B4D7F261BB618CD002DD089 /* Resources */,
				716931C3FFDC39E5DFEF5505 /* Embed Pods Frameworks */,
				6FA3835028CF494E2DECADEF /* Copy Pods Resources */,
			);
			buildRules = (
			);
			dependencies = (
			);
			name = GZGitSearch;
			productName = GZGitSearch;
			productReference = 2B4D7F281BB618CD002DD089 /* GZGitSearch.app */;
			productType = "com.apple.product-type.application";
		};
		2B4D7F431BB618CD002DD089 /* GZGitSearchTests */ = {
			isa = PBXNativeTarget;
			buildConfigurationList = 2B4D7F5B1BB618CD002DD089 /* Build configuration list for PBXNativeTarget "GZGitSearchTests" */;
			buildPhases = (
				B6D3FCA80CC1D5A392547863 /* Check Pods Manifest.lock */,
				2B4D7F401BB618CD002DD089 /* Sources */,
				2B4D7F411BB618CD002DD089 /* Frameworks */,
				2B4D7F421BB618CD002DD089 /* Resources */,
				ACB2D3D636414D3ACB2EC269 /* Embed Pods Frameworks */,
				856B5C8A536B4FAFBF154320 /* Copy Pods Resources */,
			);
			buildRules = (
			);
			dependencies = (
				2B4D7F461BB618CD002DD089 /* PBXTargetDependency */,
			);
			name = GZGitSearchTests;
			productName = GZGitSearchTests;
			productReference = 2B4D7F441BB618CD002DD089 /* GZGitSearchTests.xctest */;
			productType = "com.apple.product-type.bundle.unit-test";
		};
		2B4D7F4E1BB618CD002DD089 /* GZGitSearchUITests */ = {
			isa = PBXNativeTarget;
			buildConfigurationList = 2B4D7F5E1BB618CD002DD089 /* Build configuration list for PBXNativeTarget "GZGitSearchUITests" */;
			buildPhases = (
				94E7AF9969BDB9FC25F3D335 /* Check Pods Manifest.lock */,
				2B4D7F4B1BB618CD002DD089 /* Sources */,
				2B4D7F4C1BB618CD002DD089 /* Frameworks */,
				2B4D7F4D1BB618CD002DD089 /* Resources */,
				B53B3BBEED9DA4942F77A0A2 /* Copy Pods Resources */,
			);
			buildRules = (
			);
			dependencies = (
				2B4D7F511BB618CD002DD089 /* PBXTargetDependency */,
			);
			name = GZGitSearchUITests;
			productName = GZGitSearchUITests;
			productReference = 2B4D7F4F1BB618CD002DD089 /* GZGitSearchUITests.xctest */;
			productType = "com.apple.product-type.bundle.ui-testing";
		};
/* End PBXNativeTarget section */

/* Begin PBXProject section */
		2B4D7F201BB618CD002DD089 /* Project object */ = {
			isa = PBXProject;
			attributes = {
				LastUpgradeCheck = 0700;
				ORGANIZATIONNAME = "Guilherme Zanellato";
				TargetAttributes = {
					2B4D7F271BB618CD002DD089 = {
						CreatedOnToolsVersion = 7.0;
					};
					2B4D7F431BB618CD002DD089 = {
						CreatedOnToolsVersion = 7.0;
						TestTargetID = 2B4D7F271BB618CD002DD089;
					};
					2B4D7F4E1BB618CD002DD089 = {
						CreatedOnToolsVersion = 7.0;
						TestTargetID = 2B4D7F271BB618CD002DD089;
					};
				};
			};
			buildConfigurationList = 2B4D7F231BB618CD002DD089 /* Build configuration list for PBXProject "GZGitSearch" */;
			compatibilityVersion = "Xcode 3.2";
			developmentRegion = English;
			hasScannedForEncodings = 0;
			knownRegions = (
				en,
				Base,
			);
			mainGroup = 2B4D7F1F1BB618CD002DD089;
			productRefGroup = 2B4D7F291BB618CD002DD089 /* Products */;
			projectDirPath = "";
			projectRoot = "";
			targets = (
				2B4D7F271BB618CD002DD089 /* GZGitSearch */,
				2B4D7F431BB618CD002DD089 /* GZGitSearchTests */,
				2B4D7F4E1BB618CD002DD089 /* GZGitSearchUITests */,
			);
		};
/* End PBXProject section */

/* Begin PBXResourcesBuildPhase section */
		2B4D7F261BB618CD002DD089 /* Resources */ = {
			isa = PBXResourcesBuildPhase;
			buildActionMask = 2147483647;
			files = (
				2B4D7FA61BB64E65002DD089 /* RepositoryTableViewCell.xib in Resources */,
				2B4D7F791BB61A04002DD089 /* Main.storyboard in Resources */,
				2B0FB1061BB8C70100829AD6 /* GZUserTableViewCell.xib in Resources */,
				2B4D7F3B1BB618CD002DD089 /* Assets.xcassets in Resources */,
				2B4D7FA41BB64DA8002DD089 /* imageUserDefault.jpg in Resources */,
				2B4D7F781BB61A04002DD089 /* LaunchScreen.storyboard in Resources */,
			);
			runOnlyForDeploymentPostprocessing = 0;
		};
		2B4D7F421BB618CD002DD089 /* Resources */ = {
			isa = PBXResourcesBuildPhase;
			buildActionMask = 2147483647;
			files = (
			);
			runOnlyForDeploymentPostprocessing = 0;
		};
		2B4D7F4D1BB618CD002DD089 /* Resources */ = {
			isa = PBXResourcesBuildPhase;
			buildActionMask = 2147483647;
			files = (
			);
			runOnlyForDeploymentPostprocessing = 0;
		};
/* End PBXResourcesBuildPhase section */

/* Begin PBXShellScriptBuildPhase section */
		6FA3835028CF494E2DECADEF /* Copy Pods Resources */ = {
			isa = PBXShellScriptBuildPhase;
			buildActionMask = 2147483647;
			files = (
			);
			inputPaths = (
			);
			name = "Copy Pods Resources";
			outputPaths = (
			);
			runOnlyForDeploymentPostprocessing = 0;
			shellPath = /bin/sh;
			shellScript = "\"${SRCROOT}/Pods/Target Support Files/Pods-GZGitSearch/Pods-GZGitSearch-resources.sh\"\n";
			showEnvVarsInLog = 0;
		};
		716931C3FFDC39E5DFEF5505 /* Embed Pods Frameworks */ = {
			isa = PBXShellScriptBuildPhase;
			buildActionMask = 2147483647;
			files = (
			);
			inputPaths = (
			);
			name = "Embed Pods Frameworks";
			outputPaths = (
			);
			runOnlyForDeploymentPostprocessing = 0;
			shellPath = /bin/sh;
			shellScript = "\"${SRCROOT}/Pods/Target Support Files/Pods-GZGitSearch/Pods-GZGitSearch-frameworks.sh\"\n";
			showEnvVarsInLog = 0;
		};
		7A5009B70AE8AD4D3163A9EA /* Check Pods Manifest.lock */ = {
			isa = PBXShellScriptBuildPhase;
			buildActionMask = 2147483647;
			files = (
			);
			inputPaths = (
			);
			name = "Check Pods Manifest.lock";
			outputPaths = (
			);
			runOnlyForDeploymentPostprocessing = 0;
			shellPath = /bin/sh;
			shellScript = "diff \"${PODS_ROOT}/../Podfile.lock\" \"${PODS_ROOT}/Manifest.lock\" > /dev/null\nif [[ $? != 0 ]] ; then\n    cat << EOM\nerror: The sandbox is not in sync with the Podfile.lock. Run 'pod install' or update your CocoaPods installation.\nEOM\n    exit 1\nfi\n";
			showEnvVarsInLog = 0;
		};
		856B5C8A536B4FAFBF154320 /* Copy Pods Resources */ = {
			isa = PBXShellScriptBuildPhase;
			buildActionMask = 2147483647;
			files = (
			);
			inputPaths = (
			);
			name = "Copy Pods Resources";
			outputPaths = (
			);
			runOnlyForDeploymentPostprocessing = 0;
			shellPath = /bin/sh;
			shellScript = "\"${SRCROOT}/Pods/Target Support Files/Pods-GZGitSearchTests/Pods-GZGitSearchTests-resources.sh\"\n";
			showEnvVarsInLog = 0;
		};
		94E7AF9969BDB9FC25F3D335 /* Check Pods Manifest.lock */ = {
			isa = PBXShellScriptBuildPhase;
			buildActionMask = 2147483647;
			files = (
			);
			inputPaths = (
			);
			name = "Check Pods Manifest.lock";
			outputPaths = (
			);
			runOnlyForDeploymentPostprocessing = 0;
			shellPath = /bin/sh;
			shellScript = "diff \"${PODS_ROOT}/../Podfile.lock\" \"${PODS_ROOT}/Manifest.lock\" > /dev/null\nif [[ $? != 0 ]] ; then\n    cat << EOM\nerror: The sandbox is not in sync with the Podfile.lock. Run 'pod install' or update your CocoaPods installation.\nEOM\n    exit 1\nfi\n";
			showEnvVarsInLog = 0;
		};
		ACB2D3D636414D3ACB2EC269 /* Embed Pods Frameworks */ = {
			isa = PBXShellScriptBuildPhase;
			buildActionMask = 2147483647;
			files = (
			);
			inputPaths = (
			);
			name = "Embed Pods Frameworks";
			outputPaths = (
			);
			runOnlyForDeploymentPostprocessing = 0;
			shellPath = /bin/sh;
			shellScript = "\"${SRCROOT}/Pods/Target Support Files/Pods-GZGitSearchTests/Pods-GZGitSearchTests-frameworks.sh\"\n";
			showEnvVarsInLog = 0;
		};
		B53B3BBEED9DA4942F77A0A2 /* Copy Pods Resources */ = {
			isa = PBXShellScriptBuildPhase;
			buildActionMask = 2147483647;
			files = (
			);
			inputPaths = (
			);
			name = "Copy Pods Resources";
			outputPaths = (
			);
			runOnlyForDeploymentPostprocessing = 0;
			shellPath = /bin/sh;
			shellScript = "\"${SRCROOT}/Pods/Target Support Files/Pods-GZGitSearchUITests/Pods-GZGitSearchUITests-resources.sh\"\n";
			showEnvVarsInLog = 0;
		};
		B6D3FCA80CC1D5A392547863 /* Check Pods Manifest.lock */ = {
			isa = PBXShellScriptBuildPhase;
			buildActionMask = 2147483647;
			files = (
			);
			inputPaths = (
			);
			name = "Check Pods Manifest.lock";
			outputPaths = (
			);
			runOnlyForDeploymentPostprocessing = 0;
			shellPath = /bin/sh;
			shellScript = "diff \"${PODS_ROOT}/../Podfile.lock\" \"${PODS_ROOT}/Manifest.lock\" > /dev/null\nif [[ $? != 0 ]] ; then\n    cat << EOM\nerror: The sandbox is not in sync with the Podfile.lock. Run 'pod install' or update your CocoaPods installation.\nEOM\n    exit 1\nfi\n";
			showEnvVarsInLog = 0;
		};
/* End PBXShellScriptBuildPhase section */

/* Begin PBXSourcesBuildPhase section */
		2B4D7F241BB618CD002DD089 /* Sources */ = {
			isa = PBXSourcesBuildPhase;
			buildActionMask = 2147483647;
			files = (
				2B4D7F9E1BB63ED5002DD089 /* UserOwner.m in Sources */,
				2B4D7F771BB61A04002DD089 /* GZGitSearch.xcdatamodeld in Sources */,
				2B0FB1051BB8C70100829AD6 /* GZUserTableViewCell.m in Sources */,
				2B4D7F961BB63CE9002DD089 /* Repository.m in Sources */,
				2B4D7FA21BB645B9002DD089 /* RepositoryTableViewCell.m in Sources */,
				2B4D7F831BB61EAD002DD089 /* BaseViewController.m in Sources */,
				2B4D7F8B1BB622E8002DD089 /* GZUserSearchViewController.m in Sources */,
				2B0FB10F1BB8D33F00829AD6 /* GZFollowingViewController.m in Sources */,
				2B4D7F8E1BB626DE002DD089 /* Utils.m in Sources */,
				2B0FB10B1BB8CA4600829AD6 /* GZFollowersViewController.m in Sources */,
				2B4D7F301BB618CD002DD089 /* AppDelegate.m in Sources */,
				2B4D7F881BB622DA002DD089 /* GZRepoSearchViewController.m in Sources */,
				2B4D7F911BB63346002DD089 /* Response.m in Sources */,
				2B4D7F7D1BB61D55002DD089 /* GZHomeViewController.m in Sources */,
				2B4D7F2D1BB618CD002DD089 /* main.m in Sources */,
				2B4D7FAA1BB65374002DD089 /* GZSubscribersViewController.m in Sources */,
			);
			runOnlyForDeploymentPostprocessing = 0;
		};
		2B4D7F401BB618CD002DD089 /* Sources */ = {
			isa = PBXSourcesBuildPhase;
			buildActionMask = 2147483647;
			files = (
				2B4D7F491BB618CD002DD089 /* GZGitSearchTests.m in Sources */,
			);
			runOnlyForDeploymentPostprocessing = 0;
		};
		2B4D7F4B1BB618CD002DD089 /* Sources */ = {
			isa = PBXSourcesBuildPhase;
			buildActionMask = 2147483647;
			files = (
				2B4D7F541BB618CD002DD089 /* GZGitSearchUITests.m in Sources */,
			);
			runOnlyForDeploymentPostprocessing = 0;
		};
/* End PBXSourcesBuildPhase section */

/* Begin PBXTargetDependency section */
		2B4D7F461BB618CD002DD089 /* PBXTargetDependency */ = {
			isa = PBXTargetDependency;
			target = 2B4D7F271BB618CD002DD089 /* GZGitSearch */;
			targetProxy = 2B4D7F451BB618CD002DD089 /* PBXContainerItemProxy */;
		};
		2B4D7F511BB618CD002DD089 /* PBXTargetDependency */ = {
			isa = PBXTargetDependency;
			target = 2B4D7F271BB618CD002DD089 /* GZGitSearch */;
			targetProxy = 2B4D7F501BB618CD002DD089 /* PBXContainerItemProxy */;
		};
/* End PBXTargetDependency section */

/* Begin XCBuildConfiguration section */
		2B4D7F561BB618CD002DD089 /* Debug */ = {
			isa = XCBuildConfiguration;
			buildSettings = {
				ALWAYS_SEARCH_USER_PATHS = NO;
				CLANG_CXX_LANGUAGE_STANDARD = "gnu++0x";
				CLANG_CXX_LIBRARY = "libc++";
				CLANG_ENABLE_MODULES = YES;
				CLANG_ENABLE_OBJC_ARC = YES;
				CLANG_WARN_BOOL_CONVERSION = YES;
				CLANG_WARN_CONSTANT_CONVERSION = YES;
				CLANG_WARN_DIRECT_OBJC_ISA_USAGE = YES_ERROR;
				CLANG_WARN_EMPTY_BODY = YES;
				CLANG_WARN_ENUM_CONVERSION = YES;
				CLANG_WARN_INT_CONVERSION = YES;
				CLANG_WARN_OBJC_ROOT_CLASS = YES_ERROR;
				CLANG_WARN_UNREACHABLE_CODE = YES;
				CLANG_WARN__DUPLICATE_METHOD_MATCH = YES;
				"CODE_SIGN_IDENTITY[sdk=iphoneos*]" = "iPhone Developer";
				COPY_PHASE_STRIP = NO;
				DEBUG_INFORMATION_FORMAT = dwarf;
				ENABLE_STRICT_OBJC_MSGSEND = YES;
				ENABLE_TESTABILITY = YES;
				GCC_C_LANGUAGE_STANDARD = gnu99;
				GCC_DYNAMIC_NO_PIC = NO;
				GCC_NO_COMMON_BLOCKS = YES;
				GCC_OPTIMIZATION_LEVEL = 0;
				GCC_PREPROCESSOR_DEFINITIONS = (
					"DEBUG=1",
					"$(inherited)",
				);
				GCC_WARN_64_TO_32_BIT_CONVERSION = YES;
				GCC_WARN_ABOUT_RETURN_TYPE = YES_ERROR;
				GCC_WARN_UNDECLARED_SELECTOR = YES;
				GCC_WARN_UNINITIALIZED_AUTOS = YES_AGGRESSIVE;
				GCC_WARN_UNUSED_FUNCTION = YES;
				GCC_WARN_UNUSED_VARIABLE = YES;
				IPHONEOS_DEPLOYMENT_TARGET = 9.0;
				MTL_ENABLE_DEBUG_INFO = YES;
				ONLY_ACTIVE_ARCH = YES;
				SDKROOT = iphoneos;
			};
			name = Debug;
		};
		2B4D7F571BB618CD002DD089 /* Release */ = {
			isa = XCBuildConfiguration;
			buildSettings = {
				ALWAYS_SEARCH_USER_PATHS = NO;
				CLANG_CXX_LANGUAGE_STANDARD = "gnu++0x";
				CLANG_CXX_LIBRARY = "libc++";
				CLANG_ENABLE_MODULES = YES;
				CLANG_ENABLE_OBJC_ARC = YES;
				CLANG_WARN_BOOL_CONVERSION = YES;
				CLANG_WARN_CONSTANT_CONVERSION = YES;
				CLANG_WARN_DIRECT_OBJC_ISA_USAGE = YES_ERROR;
				CLANG_WARN_EMPTY_BODY = YES;
				CLANG_WARN_ENUM_CONVERSION = YES;
				CLANG_WARN_INT_CONVERSION = YES;
				CLANG_WARN_OBJC_ROOT_CLASS = YES_ERROR;
				CLANG_WARN_UNREACHABLE_CODE = YES;
				CLANG_WARN__DUPLICATE_METHOD_MATCH = YES;
				"CODE_SIGN_IDENTITY[sdk=iphoneos*]" = "iPhone Developer";
				COPY_PHASE_STRIP = NO;
				DEBUG_INFORMATION_FORMAT = "dwarf-with-dsym";
				ENABLE_NS_ASSERTIONS = NO;
				ENABLE_STRICT_OBJC_MSGSEND = YES;
				GCC_C_LANGUAGE_STANDARD = gnu99;
				GCC_NO_COMMON_BLOCKS = YES;
				GCC_WARN_64_TO_32_BIT_CONVERSION = YES;
				GCC_WARN_ABOUT_RETURN_TYPE = YES_ERROR;
				GCC_WARN_UNDECLARED_SELECTOR = YES;
				GCC_WARN_UNINITIALIZED_AUTOS = YES_AGGRESSIVE;
				GCC_WARN_UNUSED_FUNCTION = YES;
				GCC_WARN_UNUSED_VARIABLE = YES;
				IPHONEOS_DEPLOYMENT_TARGET = 9.0;
				MTL_ENABLE_DEBUG_INFO = NO;
				SDKROOT = iphoneos;
				VALIDATE_PRODUCT = YES;
			};
			name = Release;
		};
		2B4D7F591BB618CD002DD089 /* Debug */ = {
			isa = XCBuildConfiguration;
			baseConfigurationReference = 29F40EB3E9359EC30DE11581 /* Pods-GZGitSearch.debug.xcconfig */;
			buildSettings = {
				ASSETCATALOG_COMPILER_APPICON_NAME = AppIcon;
				CODE_SIGN_IDENTITY = "iPhone Developer";
				INFOPLIST_FILE = GZGitSearch/Info.plist;
				LD_RUNPATH_SEARCH_PATHS = "$(inherited) @executable_path/Frameworks";
				PRODUCT_BUNDLE_IDENTIFIER = gzanellato.GZGitSearch;
				PRODUCT_NAME = "$(TARGET_NAME)";
			};
			name = Debug;
		};
		2B4D7F5A1BB618CD002DD089 /* Release */ = {
			isa = XCBuildConfiguration;
			baseConfigurationReference = 95FEF8F321F75D11300081DA /* Pods-GZGitSearch.release.xcconfig */;
			buildSettings = {
				ASSETCATALOG_COMPILER_APPICON_NAME = AppIcon;
				CODE_SIGN_IDENTITY = "iPhone Developer";
				INFOPLIST_FILE = GZGitSearch/Info.plist;
				LD_RUNPATH_SEARCH_PATHS = "$(inherited) @executable_path/Frameworks";
				PRODUCT_BUNDLE_IDENTIFIER = gzanellato.GZGitSearch;
				PRODUCT_NAME = "$(TARGET_NAME)";
			};
			name = Release;
		};
		2B4D7F5C1BB618CD002DD089 /* Debug */ = {
			isa = XCBuildConfiguration;
			baseConfigurationReference = 21DFB91EBDD8228F9E0B4CE4 /* Pods-GZGitSearchTests.debug.xcconfig */;
			buildSettings = {
				BUNDLE_LOADER = "$(TEST_HOST)";
				INFOPLIST_FILE = GZGitSearchTests/Info.plist;
				LD_RUNPATH_SEARCH_PATHS = "$(inherited) @executable_path/Frameworks @loader_path/Frameworks";
				PRODUCT_BUNDLE_IDENTIFIER = gzanellato.GZGitSearchTests;
				PRODUCT_NAME = "$(TARGET_NAME)";
				TEST_HOST = "$(BUILT_PRODUCTS_DIR)/GZGitSearch.app/GZGitSearch";
			};
			name = Debug;
		};
		2B4D7F5D1BB618CD002DD089 /* Release */ = {
			isa = XCBuildConfiguration;
			baseConfigurationReference = BF467A181A880427E88E3F13 /* Pods-GZGitSearchTests.release.xcconfig */;
			buildSettings = {
				BUNDLE_LOADER = "$(TEST_HOST)";
				INFOPLIST_FILE = GZGitSearchTests/Info.plist;
				LD_RUNPATH_SEARCH_PATHS = "$(inherited) @executable_path/Frameworks @loader_path/Frameworks";
				PRODUCT_BUNDLE_IDENTIFIER = gzanellato.GZGitSearchTests;
				PRODUCT_NAME = "$(TARGET_NAME)";
				TEST_HOST = "$(BUILT_PRODUCTS_DIR)/GZGitSearch.app/GZGitSearch";
			};
			name = Release;
		};
		2B4D7F5F1BB618CD002DD089 /* Debug */ = {
			isa = XCBuildConfiguration;
			baseConfigurationReference = CD7DC0A69BE760A630F56DCA /* Pods-GZGitSearchUITests.debug.xcconfig */;
			buildSettings = {
				INFOPLIST_FILE = GZGitSearchUITests/Info.plist;
				LD_RUNPATH_SEARCH_PATHS = "$(inherited) @executable_path/Frameworks @loader_path/Frameworks";
				PRODUCT_BUNDLE_IDENTIFIER = gzanellato.GZGitSearchUITests;
				PRODUCT_NAME = "$(TARGET_NAME)";
				TEST_TARGET_NAME = GZGitSearch;
				USES_XCTRUNNER = YES;
			};
			name = Debug;
		};
		2B4D7F601BB618CD002DD089 /* Release */ = {
			isa = XCBuildConfiguration;
			baseConfigurationReference = B0AEF494B4A7EE7FAAFFC865 /* Pods-GZGitSearchUITests.release.xcconfig */;
			buildSettings = {
				INFOPLIST_FILE = GZGitSearchUITests/Info.plist;
				LD_RUNPATH_SEARCH_PATHS = "$(inherited) @executable_path/Frameworks @loader_path/Frameworks";
				PRODUCT_BUNDLE_IDENTIFIER = gzanellato.GZGitSearchUITests;
				PRODUCT_NAME = "$(TARGET_NAME)";
				TEST_TARGET_NAME = GZGitSearch;
				USES_XCTRUNNER = YES;
			};
			name = Release;
		};
/* End XCBuildConfiguration section */

/* Begin XCConfigurationList section */
		2B4D7F231BB618CD002DD089 /* Build configuration list for PBXProject "GZGitSearch" */ = {
			isa = XCConfigurationList;
			buildConfigurations = (
				2B4D7F561BB618CD002DD089 /* Debug */,
				2B4D7F571BB618CD002DD089 /* Release */,
			);
			defaultConfigurationIsVisible = 0;
			defaultConfigurationName = Release;
		};
		2B4D7F581BB618CD002DD089 /* Build configuration list for PBXNativeTarget "GZGitSearch" */ = {
			isa = XCConfigurationList;
			buildConfigurations = (
				2B4D7F591BB618CD002DD089 /* Debug */,
				2B4D7F5A1BB618CD002DD089 /* Release */,
			);
			defaultConfigurationIsVisible = 0;
			defaultConfigurationName = Release;
		};
		2B4D7F5B1BB618CD002DD089 /* Build configuration list for PBXNativeTarget "GZGitSearchTests" */ = {
			isa = XCConfigurationList;
			buildConfigurations = (
				2B4D7F5C1BB618CD002DD089 /* Debug */,
				2B4D7F5D1BB618CD002DD089 /* Release */,
			);
			defaultConfigurationIsVisible = 0;
			defaultConfigurationName = Release;
		};
		2B4D7F5E1BB618CD002DD089 /* Build configuration list for PBXNativeTarget "GZGitSearchUITests" */ = {
			isa = XCConfigurationList;
			buildConfigurations = (
				2B4D7F5F1BB618CD002DD089 /* Debug */,
				2B4D7F601BB618CD002DD089 /* Release */,
			);
			defaultConfigurationIsVisible = 0;
			defaultConfigurationName = Release;
		};
/* End XCConfigurationList section */

/* Begin XCVersionGroup section */
		2B4D7F6E1BB61A04002DD089 /* GZGitSearch.xcdatamodeld */ = {
			isa = XCVersionGroup;
			children = (
				2B4D7F6F1BB61A04002DD089 /* GZGitSearch.xcdatamodel */,
			);
			currentVersion = 2B4D7F6F1BB61A04002DD089 /* GZGitSearch.xcdatamodel */;
			path = GZGitSearch.xcdatamodeld;
			sourceTree = "<group>";
			versionGroupType = wrapper.xcdatamodel;
		};
/* End XCVersionGroup section */
	};
	rootObject = 2B4D7F201BB618CD002DD089 /* Project object */;
}
